
Microsoft Visual Studio Solution File, Format Version 12.00
# Visual Studio Version 17
VisualStudioVersion = 17.0.31903.59
MinimumVisualStudioVersion = 10.0.40219.1
Project("{2150E333-8FDC-42A3-9474-1A3956D46DE8}") = "src", "src", "{3A2066A6-9DAA-4547-B23B-ACED6E695AD4}"
EndProject
Project("{9A19103F-16F7-4668-BE54-9A1E7A4F7556}") = "SHJ.BaseFramework.Domain", "src\SHJ.BaseFramework.Domain\SHJ.BaseFramework.Domain.csproj", "{6FB84B49-5691-427F-8BA8-F348F8107EEA}"
EndProject
Project("{9A19103F-16F7-4668-BE54-9A1E7A4F7556}") = "SHJ.BaseFramework.Repository", "src\SHJ.BaseFramework.Repository\SHJ.BaseFramework.Repository.csproj", "{9D5BCA45-8FC4-44F1-B488-77AEC470DF0B}"
EndProject
Project("{9A19103F-16F7-4668-BE54-9A1E7A4F7556}") = "SHJ.BaseFramework.EntityFrameworkCore", "src\SHJ.BaseFramework.EntityFrameworkCore\SHJ.BaseFramework.EntityFrameworkCore.csproj", "{41AC5A15-093A-4C80-A598-FD962FE7EA69}"
EndProject
Project("{9A19103F-16F7-4668-BE54-9A1E7A4F7556}") = "SHJ.BaseFramework.Dapper", "src\SHJ.BaseFramework.Dapper\SHJ.BaseFramework.Dapper.csproj", "{DE3C2CB4-B47C-4BF0-A2F0-FDCDC30CC8FB}"
EndProject
Project("{9A19103F-16F7-4668-BE54-9A1E7A4F7556}") = "SHJ.BaseFramework.Shared", "src\SHJ.BaseFramework.Shared\SHJ.BaseFramework.Shared.csproj", "{F034A6AD-4E74-4EA6-B26C-1CC3F95DCA12}"
EndProject
Project("{9A19103F-16F7-4668-BE54-9A1E7A4F7556}") = "SHJ.BaseFramework.AspNet", "src\SHJ.BaseFramework.AspNet\SHJ.BaseFramework.AspNet.csproj", "{7B709B22-CFE4-484B-871F-A3DF2F2007BB}"
EndProject
Project("{2150E333-8FDC-42A3-9474-1A3956D46DE8}") = "test", "test", "{1C3F1C43-FDDA-4834-A3DE-D506859F1F73}"
EndProject
Project("{9A19103F-16F7-4668-BE54-9A1E7A4F7556}") = "SHJ.BaseFramework.EntityFrameworkCore.Test", "test\SHJ.BaseFramework.EntityFrameworkCore.Test\SHJ.BaseFramework.EntityFrameworkCore.Test.csproj", "{0D8773B3-E842-4D8E-AC75-BCEEB38B7F65}"
EndProject
Project("{9A19103F-16F7-4668-BE54-9A1E7A4F7556}") = "SHJ.BaseFramework.Dapper.Test", "test\SHJ.BaseFramework.Dapper.Test\SHJ.BaseFramework.Dapper.Test.csproj", "{5809C627-C799-40BA-8BCC-ECCCACD1B6FE}"
EndProject
Project("{9A19103F-16F7-4668-BE54-9A1E7A4F7556}") = "SHJ.BaseFramework.AspNet.Test", "test\SHJ.BaseFramework.AspNet.Test\SHJ.BaseFramework.AspNet.Test.csproj", "{6B9BF20C-84B7-461F-AA6E-A066519FDC25}"
EndProject
Project("{FAE04EC0-301F-11D3-BF4B-00C04F79EFBC}") = "SHJ.BaseFramework.DependencyInjection", "src\SHJ.BaseFramework.DependencyInjection\SHJ.BaseFramework.DependencyInjection.csproj", "{A21E7916-ED11-41D0-A18E-8ED761B72F02}"
EndProject
Global
	GlobalSection(SolutionConfigurationPlatforms) = preSolution
		Debug|Any CPU = Debug|Any CPU
		Release|Any CPU = Release|Any CPU
	EndGlobalSection
	GlobalSection(ProjectConfigurationPlatforms) = postSolution
		{6FB84B49-5691-427F-8BA8-F348F8107EEA}.Debug|Any CPU.ActiveCfg = Debug|Any CPU
		{6FB84B49-5691-427F-8BA8-F348F8107EEA}.Debug|Any CPU.Build.0 = Debug|Any CPU
		{6FB84B49-5691-427F-8BA8-F348F8107EEA}.Release|Any CPU.ActiveCfg = Release|Any CPU
		{6FB84B49-5691-427F-8BA8-F348F8107EEA}.Release|Any CPU.Build.0 = Release|Any CPU
		{9D5BCA45-8FC4-44F1-B488-77AEC470DF0B}.Debug|Any CPU.ActiveCfg = Debug|Any CPU
		{9D5BCA45-8FC4-44F1-B488-77AEC470DF0B}.Debug|Any CPU.Build.0 = Debug|Any CPU
		{9D5BCA45-8FC4-44F1-B488-77AEC470DF0B}.Release|Any CPU.ActiveCfg = Release|Any CPU
		{9D5BCA45-8FC4-44F1-B488-77AEC470DF0B}.Release|Any CPU.Build.0 = Release|Any CPU
		{41AC5A15-093A-4C80-A598-FD962FE7EA69}.Debug|Any CPU.ActiveCfg = Debug|Any CPU
		{41AC5A15-093A-4C80-A598-FD962FE7EA69}.Debug|Any CPU.Build.0 = Debug|Any CPU
		{41AC5A15-093A-4C80-A598-FD962FE7EA69}.Release|Any CPU.ActiveCfg = Release|Any CPU
		{41AC5A15-093A-4C80-A598-FD962FE7EA69}.Release|Any CPU.Build.0 = Release|Any CPU
		{DE3C2CB4-B47C-4BF0-A2F0-FDCDC30CC8FB}.Debug|Any CPU.ActiveCfg = Debug|Any CPU
		{DE3C2CB4-B47C-4BF0-A2F0-FDCDC30CC8FB}.Debug|Any CPU.Build.0 = Debug|Any CPU
		{DE3C2CB4-B47C-4BF0-A2F0-FDCDC30CC8FB}.Release|Any CPU.ActiveCfg = Release|Any CPU
		{DE3C2CB4-B47C-4BF0-A2F0-FDCDC30CC8FB}.Release|Any CPU.Build.0 = Release|Any CPU
		{F034A6AD-4E74-4EA6-B26C-1CC3F95DCA12}.Debug|Any CPU.ActiveCfg = Debug|Any CPU
		{F034A6AD-4E74-4EA6-B26C-1CC3F95DCA12}.Debug|Any CPU.Build.0 = Debug|Any CPU
		{F034A6AD-4E74-4EA6-B26C-1CC3F95DCA12}.Release|Any CPU.ActiveCfg = Release|Any CPU
		{F034A6AD-4E74-4EA6-B26C-1CC3F95DCA12}.Release|Any CPU.Build.0 = Release|Any CPU
		{7B709B22-CFE4-484B-871F-A3DF2F2007BB}.Debug|Any CPU.ActiveCfg = Debug|Any CPU
		{7B709B22-CFE4-484B-871F-A3DF2F2007BB}.Debug|Any CPU.Build.0 = Debug|Any CPU
		{7B709B22-CFE4-484B-871F-A3DF2F2007BB}.Release|Any CPU.ActiveCfg = Release|Any CPU
		{7B709B22-CFE4-484B-871F-A3DF2F2007BB}.Release|Any CPU.Build.0 = Release|Any CPU
		{0D8773B3-E842-4D8E-AC75-BCEEB38B7F65}.Debug|Any CPU.ActiveCfg = Debug|Any CPU
		{0D8773B3-E842-4D8E-AC75-BCEEB38B7F65}.Debug|Any CPU.Build.0 = Debug|Any CPU
		{0D8773B3-E842-4D8E-AC75-BCEEB38B7F65}.Release|Any CPU.ActiveCfg = Release|Any CPU
		{0D8773B3-E842-4D8E-AC75-BCEEB38B7F65}.Release|Any CPU.Build.0 = Release|Any CPU
		{5809C627-C799-40BA-8BCC-ECCCACD1B6FE}.Debug|Any CPU.ActiveCfg = Debug|Any CPU
		{5809C627-C799-40BA-8BCC-ECCCACD1B6FE}.Debug|Any CPU.Build.0 = Debug|Any CPU
		{5809C627-C799-40BA-8BCC-ECCCACD1B6FE}.Release|Any CPU.ActiveCfg = Release|Any CPU
		{5809C627-C799-40BA-8BCC-ECCCACD1B6FE}.Release|Any CPU.Build.0 = Release|Any CPU
		{6B9BF20C-84B7-461F-AA6E-A066519FDC25}.Debug|Any CPU.ActiveCfg = Debug|Any CPU
		{6B9BF20C-84B7-461F-AA6E-A066519FDC25}.Debug|Any CPU.Build.0 = Debug|Any CPU
		{6B9BF20C-84B7-461F-AA6E-A066519FDC25}.Release|Any CPU.ActiveCfg = Release|Any CPU
		{6B9BF20C-84B7-461F-AA6E-A066519FDC25}.Release|Any CPU.Build.0 = Release|Any CPU
		{A21E7916-ED11-41D0-A18E-8ED761B72F02}.Debug|Any CPU.ActiveCfg = Debug|Any CPU
		{A21E7916-ED11-41D0-A18E-8ED761B72F02}.Debug|Any CPU.Build.0 = Debug|Any CPU
		{A21E7916-ED11-41D0-A18E-8ED761B72F02}.Release|Any CPU.ActiveCfg = Release|Any CPU
		{A21E7916-ED11-41D0-A18E-8ED761B72F02}.Release|Any CPU.Build.0 = Release|Any CPU
	EndGlobalSection
	GlobalSection(SolutionProperties) = preSolution
		HideSolutionNode = FALSE
	EndGlobalSection
	GlobalSection(NestedProjects) = preSolution
		{6FB84B49-5691-427F-8BA8-F348F8107EEA} = {3A2066A6-9DAA-4547-B23B-ACED6E695AD4}
		{9D5BCA45-8FC4-44F1-B488-77AEC470DF0B} = {3A2066A6-9DAA-4547-B23B-ACED6E695AD4}
		{41AC5A15-093A-4C80-A598-FD962FE7EA69} = {3A2066A6-9DAA-4547-B23B-ACED6E695AD4}
		{DE3C2CB4-B47C-4BF0-A2F0-FDCDC30CC8FB} = {3A2066A6-9DAA-4547-B23B-ACED6E695AD4}
		{F034A6AD-4E74-4EA6-B26C-1CC3F95DCA12} = {3A2066A6-9DAA-4547-B23B-ACED6E695AD4}
		{7B709B22-CFE4-484B-871F-A3DF2F2007BB} = {3A2066A6-9DAA-4547-B23B-ACED6E695AD4}
		{0D8773B3-E842-4D8E-AC75-BCEEB38B7F65} = {1C3F1C43-FDDA-4834-A3DE-D506859F1F73}
		{5809C627-C799-40BA-8BCC-ECCCACD1B6FE} = {1C3F1C43-FDDA-4834-A3DE-D506859F1F73}
		{6B9BF20C-84B7-461F-AA6E-A066519FDC25} = {1C3F1C43-FDDA-4834-A3DE-D506859F1F73}
		{A21E7916-ED11-41D0-A18E-8ED761B72F02} = {3A2066A6-9DAA-4547-B23B-ACED6E695AD4}
	EndGlobalSection
	GlobalSection(ExtensibilityGlobals) = postSolution
		SolutionGuid = {2D939C2E-32AA-408B-A183-C765BA46B124}
	EndGlobalSection
EndGlobal
